{
  "name": "Grupo5_Projeto_Integrador_2_24",
  "lockfileVersion": 3,
  "requires": true,
  "packages": {
    "": {
      "dependencies": {
        "@types/oracledb": "^6.5.1"
      },
      "devDependencies": {
        "oracledb": "^6.6.0"
      }
    },
    "node_modules/@types/node": {
      "version": "22.7.5",
      "resolved": "https://registry.npmjs.org/@types/node/-/node-22.7.5.tgz",
      "integrity": "sha512-jML7s2NAzMWc//QSJ1a3prpk78cOPchGvXJsC3C6R6PSMoooztvRVQEz89gmBTBY1SPMaqo5teB4uNHPdetShQ==",
      "license": "MIT",
      "dependencies": {
        "undici-types": "~6.19.2"
      }
    },
    "node_modules/@types/oracledb": {
      "version": "6.5.1",
      "resolved": "https://registry.npmjs.org/@types/oracledb/-/oracledb-6.5.1.tgz",
      "integrity": "sha512-Ll0bKGXmCZVngBL3juSaytA8Jeocx0VghDHTt+FEC2bs8fdl9pzoaBXYWXjBUxCCT8Y/69m5AzuTgBd79j24WA==",
      "license": "MIT",
      "dependencies": {
        "@types/node": "*"
      }
    },
    "node_modules/oracledb": {
      "version": "6.6.0",
      "resolved": "https://registry.npmjs.org/oracledb/-/oracledb-6.6.0.tgz",
      "integrity": "sha512-T3dx+o3j+tVN53wQyr4yGTmoPHLy+a2V8yb1T2PmWrsj3ZlSt2Yu1BgV2yTDqnmBZYpRi/I3yJXRCOHHD7PiyA==",
      "dev": true,
      "hasInstallScript": true,
      "license": "(Apache-2.0 OR UPL-1.0)",
      "engines": {
        "node": ">=14.6"
      }
    },
    "node_modules/undici-types": {
      "version": "6.19.8",
      "resolved": "https://registry.npmjs.org/undici-types/-/undici-types-6.19.8.tgz",
      "integrity": "sha512-ve2KP6f/JnbPBFyobGHuerC9g1FYGn/F8n1LWTwNxCEzd6IfqTwUQcNXgEtmmQ6DlRrC1hrSrBnCZPokRrDHjw==",
      "license": "MIT"
    }
  }
}
